<?xml version="1.0" encoding="utf-8"?>
<Project ToolsVersion="4.0" xmlns="http://schemas.microsoft.com/developer/msbuild/2003">
  <ItemGroup>
    <Filter Include="Source Files">
      <UniqueIdentifier>{4FC737F1-C7A5-4376-A066-2A32D752A2FF}</UniqueIdentifier>
      <Extensions>cpp;c;cc;cxx;c++;cppm;ixx;def;odl;idl;hpj;bat;asm;asmx</Extensions>
    </Filter>
    <Filter Include="Header Files">
      <UniqueIdentifier>{93995380-89BD-4b04-88EB-625FBE52EBFB}</UniqueIdentifier>
      <Extensions>h;hh;hpp;hxx;h++;hm;inl;inc;ipp;xsd</Extensions>
    </Filter>
    <Filter Include="Resource Files">
      <UniqueIdentifier>{67DA6AB6-F800-4c08-8B7A-83BB121AAD01}</UniqueIdentifier>
      <Extensions>rc;ico;cur;bmp;dlg;rc2;rct;bin;rgs;gif;jpg;jpeg;jpe;resx;tiff;tif;png;wav;mfcribbon-ms</Extensions>
    </Filter>
    <Filter Include="Source Files\Apollo">
      <UniqueIdentifier>{e2406580-e383-402c-9a39-17a76e905d35}</UniqueIdentifier>
    </Filter>
    <Filter Include="Source Files\Tricky%27s Units">
      <UniqueIdentifier>{8e67fc16-794c-4cad-bfa8-4105d28fb87a}</UniqueIdentifier>
    </Filter>
    <Filter Include="Source Files\JCR6">
      <UniqueIdentifier>{cefb7ea0-8630-49a6-837e-71864ec070cc}</UniqueIdentifier>
    </Filter>
    <Filter Include="Source Files\Kthura">
      <UniqueIdentifier>{e800b5e3-05a1-481d-8d13-20083ce6cde8}</UniqueIdentifier>
    </Filter>
  </ItemGroup>
  <ItemGroup>
    <ClCompile Include="Source\main.cpp">
      <Filter>Source Files\Apollo</Filter>
    </ClCompile>
    <ClCompile Include="..\TrickyUnits\Source\ArgParse.cpp">
      <Filter>Source Files\Tricky%27s Units</Filter>
    </ClCompile>
    <ClCompile Include="..\TrickyUnits\Source\QuickString.cpp">
      <Filter>Source Files\Tricky%27s Units</Filter>
    </ClCompile>
    <ClCompile Include="..\TrickyUnits\Source\QuickStream.cpp">
      <Filter>Source Files\Tricky%27s Units</Filter>
    </ClCompile>
    <ClCompile Include="..\JCR6\src\jcr6_core.cpp">
      <Filter>Source Files\JCR6</Filter>
    </ClCompile>
    <ClCompile Include="..\JCR6\src\jcr6_quakepak.cpp">
      <Filter>Source Files\JCR6</Filter>
    </ClCompile>
    <ClCompile Include="..\JCR6\src\jcr6_wad.cpp">
      <Filter>Source Files\JCR6</Filter>
    </ClCompile>
    <ClCompile Include="Source\Identify.cpp">
      <Filter>Source Files\Apollo</Filter>
    </ClCompile>
    <ClCompile Include="..\TrickyUnits\Source\GINIE.cpp">
      <Filter>Source Files\Tricky%27s Units</Filter>
    </ClCompile>
    <ClCompile Include="Source\globals.cpp">
      <Filter>Source Files\Apollo</Filter>
    </ClCompile>
    <ClCompile Include="Source\SDL_Manager.cpp">
      <Filter>Source Files\Apollo</Filter>
    </ClCompile>
  </ItemGroup>
  <ItemGroup>
    <ClInclude Include="Headers\Identify.hpp">
      <Filter>Header Files</Filter>
    </ClInclude>
    <ClInclude Include="Headers\SDL_Manager.hpp">
      <Filter>Header Files</Filter>
    </ClInclude>
    <ClInclude Include="Headers\ErrorCodes.hpp">
      <Filter>Header Files</Filter>
    </ClInclude>
    <ClInclude Include="Headers\Globals.hpp">
      <Filter>Header Files</Filter>
    </ClInclude>
  </ItemGroup>
</Project>